{
    "version": 3,
    "terraform_version": "0.11.13",
    "serial": 17,
    "lineage": "57fa1e3e-33cb-504a-96d1-c13459bb9865",
    "modules": [
        {
            "path": [
                "root"
            ],
            "outputs": {
                "private_ip": {
                    "sensitive": false,
                    "type": "string",
                    "value": "10.101.4.86"
                }
            },
            "resources": {
                "aws_instance.centos": {
                    "type": "aws_instance",
                    "depends_on": [
                        "aws_key_pair.my-key",
                        "aws_security_group.allow_all_outbound",
                        "aws_security_group.allow_http_80",
                        "aws_security_group.allow_ssh"
                    ],
                    "primary": {
                        "id": "i-04bc1006e8d58aeed",
                        "attributes": {
                            "ami": "ami-a042f4d8",
                            "arn": "arn:aws:ec2:us-west-2:221890486378:instance/i-04bc1006e8d58aeed",
                            "associate_public_ip_address": "false",
                            "availability_zone": "us-west-2a",
                            "cpu_core_count": "1",
                            "cpu_threads_per_core": "1",
                            "credit_specification.#": "1",
                            "credit_specification.0.cpu_credits": "standard",
                            "disable_api_termination": "false",
                            "ebs_block_device.#": "0",
                            "ebs_optimized": "false",
                            "ephemeral_block_device.#": "0",
                            "get_password_data": "false",
                            "iam_instance_profile": "",
                            "id": "i-04bc1006e8d58aeed",
                            "instance_state": "running",
                            "instance_type": "t2.micro",
                            "ipv6_address_count": "0",
                            "ipv6_addresses.#": "0",
                            "key_name": "my-key",
                            "monitoring": "false",
                            "network_interface.#": "0",
                            "password_data": "",
                            "placement_group": "",
                            "primary_network_interface_id": "eni-044e3a933c7dfc6a3",
                            "private_dns": "ip-10-101-4-86.xentaurs.com",
                            "private_ip": "10.101.4.86",
                            "public_dns": "",
                            "public_ip": "",
                            "root_block_device.#": "1",
                            "root_block_device.0.delete_on_termination": "false",
                            "root_block_device.0.iops": "0",
                            "root_block_device.0.volume_id": "vol-0a2a4826a8deedcd0",
                            "root_block_device.0.volume_size": "8",
                            "root_block_device.0.volume_type": "standard",
                            "security_groups.#": "0",
                            "source_dest_check": "true",
                            "subnet_id": "subnet-23c1df6a",
                            "tags.%": "1",
                            "tags.Name": "wordpress-server",
                            "tenancy": "default",
                            "volume_tags.%": "0",
                            "vpc_security_group_ids.#": "3",
                            "vpc_security_group_ids.1116604383": "sg-07ab71e9e17ee64f3",
                            "vpc_security_group_ids.2045351765": "sg-074201d88aa1ad6b3",
                            "vpc_security_group_ids.2123836791": "sg-0a920b19f0c8cedf8"
                        },
                        "meta": {
                            "e2bfb730-ecaa-11e6-8f88-34363bc7c4c0": {
                                "create": 600000000000,
                                "delete": 1200000000000,
                                "update": 600000000000
                            },
                            "schema_version": "1"
                        },
                        "tainted": false
                    },
                    "deposed": [],
                    "provider": "provider.aws"
                },
                "aws_key_pair.my-key": {
                    "type": "aws_key_pair",
                    "depends_on": [],
                    "primary": {
                        "id": "my-key",
                        "attributes": {
                            "fingerprint": "e0:d4:85:54:9b:12:b6:21:fd:bb:c5:e1:e2:ba:aa:b4",
                            "id": "my-key",
                            "key_name": "my-key",
                            "public_key": "ssh-rsa AAAAB3NzaC1yc2EAAAADAQABAAACAQDOVuT8y2FBGwb7ATj8pqtOQP3sVWtcyuB8w3k0FWb18x7Ia5KeOSFB7f1/5k+7MWhMVSb8PKW07RcoOHTS+BlsiIjJ5e8Vi37Uf+te+aCBAhjJMdpNFXgWBMN7JGmNissUPh8yQYrjXzqIGRqN9BtrOlBBGzTyU+Ck0TCaAtjMCcrR3it9CPPlVUqos7r4pZMDxUp+3sn3LDgw00rKcowjTNhjkJdlCXLctwui8904H0Ugvp+Mh2tCWSZW07s7nGgTv2aiEIBW2rnHq01BLPwgvE0L5+oMSFzuxmA+Dh5KveK2N+cSaR3SqwRRdmACc71GoCZJiDqmOmZfBN/hDKMcCGoxbbNFkNWVPKZERnXD8r86jpRvbcdMGA1jmEqe29k7S4CEB3Q9LGmczxLo7W/7FP7bwsT8gnj77/rPoqYep95RnbEssLoJKg9wad0X2C/uAqjwF4RfjS05Z2VbX+UnKN3iyHU9Zquj18zYI+nWeLx66wiiVKkBZed9Bcbb8+uQ3vpOcJcC53ENCTiYm1P6H38GsxJCDPyHk/iDT4+2r9x6B7uc1x3qhYatE0kbSay38MED9WlsxuJ9l/Ahk6l+EhME+aNxL3V7iFiKmx59deEGrnfDkNrz5WGZ0clmWunKb62gc64+Zx8NPHtNZ7zQbYm+zOdx3PKw9YDOg516/Q== mmullen@Matts-MacBook-Pro-2.local"
                        },
                        "meta": {
                            "schema_version": "1"
                        },
                        "tainted": false
                    },
                    "deposed": [],
                    "provider": "provider.aws"
                },
                "aws_security_group.allow_all_outbound": {
                    "type": "aws_security_group",
                    "depends_on": [],
                    "primary": {
                        "id": "sg-074201d88aa1ad6b3",
                        "attributes": {
                            "arn": "arn:aws:ec2:us-west-2:221890486378:security-group/sg-074201d88aa1ad6b3",
                            "description": "Managed by Terraform",
                            "egress.#": "1",
                            "egress.482069346.cidr_blocks.#": "1",
                            "egress.482069346.cidr_blocks.0": "0.0.0.0/0",
                            "egress.482069346.description": "",
                            "egress.482069346.from_port": "0",
                            "egress.482069346.ipv6_cidr_blocks.#": "0",
                            "egress.482069346.prefix_list_ids.#": "0",
                            "egress.482069346.protocol": "-1",
                            "egress.482069346.security_groups.#": "0",
                            "egress.482069346.self": "false",
                            "egress.482069346.to_port": "0",
                            "id": "sg-074201d88aa1ad6b3",
                            "ingress.#": "0",
                            "name": "allow_all_outbound",
                            "owner_id": "221890486378",
                            "revoke_rules_on_delete": "false",
                            "tags.%": "0",
                            "vpc_id": "vpc-b905dedf"
                        },
                        "meta": {
                            "e2bfb730-ecaa-11e6-8f88-34363bc7c4c0": {
                                "create": 600000000000,
                                "delete": 600000000000
                            },
                            "schema_version": "1"
                        },
                        "tainted": false
                    },
                    "deposed": [],
                    "provider": "provider.aws"
                },
                "aws_security_group.allow_http_80": {
                    "type": "aws_security_group",
                    "depends_on": [],
                    "primary": {
                        "id": "sg-07ab71e9e17ee64f3",
                        "attributes": {
                            "arn": "arn:aws:ec2:us-west-2:221890486378:security-group/sg-07ab71e9e17ee64f3",
                            "description": "Managed by Terraform",
                            "egress.#": "0",
                            "id": "sg-07ab71e9e17ee64f3",
                            "ingress.#": "1",
                            "ingress.2214680975.cidr_blocks.#": "1",
                            "ingress.2214680975.cidr_blocks.0": "0.0.0.0/0",
                            "ingress.2214680975.description": "",
                            "ingress.2214680975.from_port": "80",
                            "ingress.2214680975.ipv6_cidr_blocks.#": "0",
                            "ingress.2214680975.prefix_list_ids.#": "0",
                            "ingress.2214680975.protocol": "tcp",
                            "ingress.2214680975.security_groups.#": "0",
                            "ingress.2214680975.self": "false",
                            "ingress.2214680975.to_port": "80",
                            "name": "allow_http_80",
                            "owner_id": "221890486378",
                            "revoke_rules_on_delete": "false",
                            "tags.%": "0",
                            "vpc_id": "vpc-b905dedf"
                        },
                        "meta": {
                            "e2bfb730-ecaa-11e6-8f88-34363bc7c4c0": {
                                "create": 600000000000,
                                "delete": 600000000000
                            },
                            "schema_version": "1"
                        },
                        "tainted": false
                    },
                    "deposed": [],
                    "provider": "provider.aws"
                },
                "aws_security_group.allow_ssh": {
                    "type": "aws_security_group",
                    "depends_on": [],
                    "primary": {
                        "id": "sg-0a920b19f0c8cedf8",
                        "attributes": {
                            "arn": "arn:aws:ec2:us-west-2:221890486378:security-group/sg-0a920b19f0c8cedf8",
                            "description": "Managed by Terraform",
                            "egress.#": "0",
                            "id": "sg-0a920b19f0c8cedf8",
                            "ingress.#": "1",
                            "ingress.2541437006.cidr_blocks.#": "1",
                            "ingress.2541437006.cidr_blocks.0": "0.0.0.0/0",
                            "ingress.2541437006.description": "",
                            "ingress.2541437006.from_port": "22",
                            "ingress.2541437006.ipv6_cidr_blocks.#": "0",
                            "ingress.2541437006.prefix_list_ids.#": "0",
                            "ingress.2541437006.protocol": "tcp",
                            "ingress.2541437006.security_groups.#": "0",
                            "ingress.2541437006.self": "false",
                            "ingress.2541437006.to_port": "22",
                            "name": "allow_ssh",
                            "owner_id": "221890486378",
                            "revoke_rules_on_delete": "false",
                            "tags.%": "0",
                            "vpc_id": "vpc-b905dedf"
                        },
                        "meta": {
                            "e2bfb730-ecaa-11e6-8f88-34363bc7c4c0": {
                                "create": 600000000000,
                                "delete": 600000000000
                            },
                            "schema_version": "1"
                        },
                        "tainted": false
                    },
                    "deposed": [],
                    "provider": "provider.aws"
                },
                "null_resource.wp_provisioning": {
                    "type": "null_resource",
                    "depends_on": [
                        "aws_instance.centos"
                    ],
                    "primary": {
                        "id": "2378470896715424431",
                        "attributes": {
                            "id": "2378470896715424431"
                        },
                        "meta": {},
                        "tainted": false
                    },
                    "deposed": [],
                    "provider": "provider.null"
                }
            },
            "depends_on": []
        }
    ]
}
